
Microsoft Visual Studio Solution File, Format Version 12.00
# Visual Studio Version 16
VisualStudioVersion = 16.0.30907.101
MinimumVisualStudioVersion = 10.0.40219.1
Project("{FAE04EC0-301F-11D3-BF4B-00C04F79EFBC}") = "Dis_assignment2_spring21", "Dis_assignment2_spring21.csproj", "{80EC0FAD-F28A-4BEE-8252-080EF03F6D7E}"
EndProject
Global
	GlobalSection(SolutionConfigurationPlatforms) = preSolution
		Debug|Any CPU = Debug|Any CPU
		Release|Any CPU = Release|Any CPU
	EndGlobalSection
	GlobalSection(ProjectConfigurationPlatforms) = postSolution
		{80EC0FAD-F28A-4BEE-8252-080EF03F6D7E}.Debug|Any CPU.ActiveCfg = Debug|Any CPU
		{80EC0FAD-F28A-4BEE-8252-080EF03F6D7E}.Debug|Any CPU.Build.0 = Debug|Any CPU
		{80EC0FAD-F28A-4BEE-8252-080EF03F6D7E}.Release|Any CPU.ActiveCfg = Release|Any CPU
		{80EC0FAD-F28A-4BEE-8252-080EF03F6D7E}.Release|Any CPU.Build.0 = Release|Any CPU
	EndGlobalSection
	GlobalSection(SolutionProperties) = preSolution
		HideSolutionNode = FALSE
	EndGlobalSection
	GlobalSection(ExtensibilityGlobals) = postSolution
		SolutionGuid = {D2475D2C-8121-4994-97D0-5D4FDC66B502}
	EndGlobalSection
EndGlobal
